
Microsoft Visual Studio Solution File, Format Version 12.00
# Visual Studio Version 17
VisualStudioVersion = 17.8.34408.163
MinimumVisualStudioVersion = 10.0.40219.1
Project("{FAE04EC0-301F-11D3-BF4B-00C04F79EFBC}") = "Lab1", "Lab1\Lab1.csproj", "{9EBE0F0D-AF5C-4F01-BE27-1841C80F011C}"
EndProject
Global
	GlobalSection(SolutionConfigurationPlatforms) = preSolution
		Debug|Any CPU = Debug|Any CPU
		Release|Any CPU = Release|Any CPU
	EndGlobalSection
	GlobalSection(ProjectConfigurationPlatforms) = postSolution
		{9EBE0F0D-AF5C-4F01-BE27-1841C80F011C}.Debug|Any CPU.ActiveCfg = Debug|Any CPU
		{9EBE0F0D-AF5C-4F01-BE27-1841C80F011C}.Debug|Any CPU.Build.0 = Debug|Any CPU
		{9EBE0F0D-AF5C-4F01-BE27-1841C80F011C}.Release|Any CPU.ActiveCfg = Release|Any CPU
		{9EBE0F0D-AF5C-4F01-BE27-1841C80F011C}.Release|Any CPU.Build.0 = Release|Any CPU
	EndGlobalSection
	GlobalSection(SolutionProperties) = preSolution
		HideSolutionNode = FALSE
	EndGlobalSection
	GlobalSection(ExtensibilityGlobals) = postSolution
		SolutionGuid = {F8F3A2F6-FD1D-4750-80B4-ED3DD55CF20D}
	EndGlobalSection
EndGlobal
